// !$*UTF8*$!
{
	archiveVersion = 1;
	classes = {
	};
	objectVersion = 56;
	objects = {

/* Begin PBXBuildFile section */
		1A000001294F1234567890AB /* MacMusicAnalyzer.swift in Sources */ = {isa = PBXBuildFile; fileRef = 1A000002294F1234567890AB /* MacMusicAnalyzer.swift */; };
		1A000003294F1234567890AB /* RealTimeAudioCapture.swift in Sources */ = {isa = PBXBuildFile; fileRef = 1A000004294F1234567890AB /* RealTimeAudioCapture.swift */; };
		1A000005294F1234567890AB /* RealTimeAnalysisEngine.swift in Sources */ = {isa = PBXBuildFile; fileRef = 1A000006294F1234567890AB /* RealTimeAnalysisEngine.swift */; };
		1A000007294F1234567890AB /* AnalysisViews.swift in Sources */ = {isa = PBXBuildFile; fileRef = 1A000008294F1234567890AB /* AnalysisViews.swift */; };
		1A000009294F1234567890AB /* SettingsView.swift in Sources */ = {isa = PBXBuildFile; fileRef = 1A00000A294F1234567890AB /* SettingsView.swift */; };
		1A00000B294F1234567890AB /* EssentiaSwiftBridge.swift in Sources */ = {isa = PBXBuildFile; fileRef = 1A00000C294F1234567890AB /* EssentiaSwiftBridge.swift */; };
		1A00000D294F1234567890AB /* EssentiaIOSAnalyzer.mm in Sources */ = {isa = PBXBuildFile; fileRef = 1A00000E294F1234567890AB /* EssentiaIOSAnalyzer.mm */; };
		1A000012294F1234567890AB /* AudioInputManager.swift in Sources */ = {isa = PBXBuildFile; fileRef = 1A000013294F1234567890AB /* AudioInputManager.swift */; };
		1A000014294F1234567890AB /* InputSourceView.swift in Sources */ = {isa = PBXBuildFile; fileRef = 1A000015294F1234567890AB /* InputSourceView.swift */; };
		1A000016294F1234567890AB /* ExportManager.swift in Sources */ = {isa = PBXBuildFile; fileRef = 1A000017294F1234567890AB /* ExportManager.swift */; };
		1A000018294F1234567890AB /* MIDIOutputManager.swift in Sources */ = {isa = PBXBuildFile; fileRef = 1A000019294F1234567890AB /* MIDIOutputManager.swift */; };
		1A00001A294F1234567890AB /* ExportView.swift in Sources */ = {isa = PBXBuildFile; fileRef = 1A00001B294F1234567890AB /* ExportView.swift */; };
		1A00001C294F1234567890AB /* AudioPlayerManager.swift in Sources */ = {isa = PBXBuildFile; fileRef = 1A00001D294F1234567890AB /* AudioPlayerManager.swift */; };
		1A00001E294F1234567890AB /* AudioPlayerView.swift in Sources */ = {isa = PBXBuildFile; fileRef = 1A00001F294F1234567890AB /* AudioPlayerView.swift */; };
		1A000021294F1234567890AB /* KeyAdjustmentView.swift in Sources */ = {isa = PBXBuildFile; fileRef = 1A000022294F1234567890AB /* KeyAdjustmentView.swift */; };
/* End PBXBuildFile section */

/* Begin PBXFileReference section */
		1A000001294F1234567890FF /* RealTimeMusicAnalyzer.app */ = {isa = PBXFileReference; explicitFileType = wrapper.application; includeInIndex = 0; path = RealTimeMusicAnalyzer.app; sourceTree = BUILT_PRODUCTS_DIR; };
		1A000002294F1234567890AB /* MacMusicAnalyzer.swift */ = {isa = PBXFileReference; lastKnownFileType = sourcecode.swift; path = MacMusicAnalyzer.swift; sourceTree = "<group>"; };
		1A000004294F1234567890AB /* RealTimeAudioCapture.swift */ = {isa = PBXFileReference; lastKnownFileType = sourcecode.swift; path = RealTimeAudioCapture.swift; sourceTree = "<group>"; };
		1A000006294F1234567890AB /* RealTimeAnalysisEngine.swift */ = {isa = PBXFileReference; lastKnownFileType = sourcecode.swift; path = RealTimeAnalysisEngine.swift; sourceTree = "<group>"; };
		1A000008294F1234567890AB /* AnalysisViews.swift */ = {isa = PBXFileReference; lastKnownFileType = sourcecode.swift; path = AnalysisViews.swift; sourceTree = "<group>"; };
		1A00000A294F1234567890AB /* SettingsView.swift */ = {isa = PBXFileReference; lastKnownFileType = sourcecode.swift; path = SettingsView.swift; sourceTree = "<group>"; };
		1A00000C294F1234567890AB /* EssentiaSwiftBridge.swift */ = {isa = PBXFileReference; lastKnownFileType = sourcecode.swift; path = EssentiaSwiftBridge.swift; sourceTree = "<group>"; };
		1A00000E294F1234567890AB /* EssentiaIOSAnalyzer.mm */ = {isa = PBXFileReference; lastKnownFileType = sourcecode.cpp.objcpp; path = EssentiaIOSAnalyzer.mm; sourceTree = "<group>"; };
		1A00000F294F1234567890AB /* EssentiaIOSAnalyzer.h */ = {isa = PBXFileReference; lastKnownFileType = sourcecode.c.h; path = EssentiaIOSAnalyzer.h; sourceTree = "<group>"; };
		1A000010294F1234567890AB /* Info.plist */ = {isa = PBXFileReference; lastKnownFileType = text.plist.xml; path = Info.plist; sourceTree = "<group>"; };
		1A000011294F1234567890AB /* RealTimeMusicAnalyzer-Bridging-Header.h */ = {isa = PBXFileReference; lastKnownFileType = sourcecode.c.h; path = "RealTimeMusicAnalyzer-Bridging-Header.h"; sourceTree = "<group>"; };
		1A000013294F1234567890AB /* AudioInputManager.swift */ = {isa = PBXFileReference; lastKnownFileType = sourcecode.swift; path = AudioInputManager.swift; sourceTree = "<group>"; };
		1A000015294F1234567890AB /* InputSourceView.swift */ = {isa = PBXFileReference; lastKnownFileType = sourcecode.swift; path = InputSourceView.swift; sourceTree = "<group>"; };
		1A000017294F1234567890AB /* ExportManager.swift */ = {isa = PBXFileReference; lastKnownFileType = sourcecode.swift; path = ExportManager.swift; sourceTree = "<group>"; };
		1A000019294F1234567890AB /* MIDIOutputManager.swift */ = {isa = PBXFileReference; lastKnownFileType = sourcecode.swift; path = MIDIOutputManager.swift; sourceTree = "<group>"; };
		1A00001B294F1234567890AB /* ExportView.swift */ = {isa = PBXFileReference; lastKnownFileType = sourcecode.swift; path = ExportView.swift; sourceTree = "<group>"; };
		1A00001D294F1234567890AB /* AudioPlayerManager.swift */ = {isa = PBXFileReference; lastKnownFileType = sourcecode.swift; path = AudioPlayerManager.swift; sourceTree = "<group>"; };
		1A00001F294F1234567890AB /* AudioPlayerView.swift */ = {isa = PBXFileReference; lastKnownFileType = sourcecode.swift; path = AudioPlayerView.swift; sourceTree = "<group>"; };
		1A000022294F1234567890AB /* KeyAdjustmentView.swift */ = {isa = PBXFileReference; lastKnownFileType = sourcecode.swift; path = KeyAdjustmentView.swift; sourceTree = "<group>"; };
/* End PBXFileReference section */

/* Begin PBXFrameworksBuildPhase section */
		1A000020294F1234567890AB /* Frameworks */ = {
			isa = PBXFrameworksBuildPhase;
			buildActionMask = 2147483647;
			files = (
			);
			runOnlyForDeploymentPostprocessing = 0;
		};
/* End PBXFrameworksBuildPhase section */

/* Begin PBXGroup section */
		1A000030294F1234567890AB = {
			isa = PBXGroup;
			children = (
				1A000031294F1234567890AB /* RealTimeMusicAnalyzer */,
				1A000040294F1234567890AB /* Products */,
			);
			sourceTree = "<group>";
		};
		1A000031294F1234567890AB /* RealTimeMusicAnalyzer */ = {
			isa = PBXGroup;
			children = (
				1A000002294F1234567890AB /* MacMusicAnalyzer.swift */,
				1A000004294F1234567890AB /* RealTimeAudioCapture.swift */,
				1A000006294F1234567890AB /* RealTimeAnalysisEngine.swift */,
				1A000013294F1234567890AB /* AudioInputManager.swift */,
				1A000017294F1234567890AB /* ExportManager.swift */,
				1A000019294F1234567890AB /* MIDIOutputManager.swift */,
				1A00001D294F1234567890AB /* AudioPlayerManager.swift */,
				1A000032294F1234567890AB /* Views */,
				1A000033294F1234567890AB /* include */,
				1A000010294F1234567890AB /* Info.plist */,
				1A000011294F1234567890AB /* RealTimeMusicAnalyzer-Bridging-Header.h */,
			);
			path = RealTimeMusicAnalyzer;
			sourceTree = "<group>";
		};
		1A000032294F1234567890AB /* Views */ = {
			isa = PBXGroup;
			children = (
				1A000008294F1234567890AB /* AnalysisViews.swift */,
				1A00000A294F1234567890AB /* SettingsView.swift */,
				1A000015294F1234567890AB /* InputSourceView.swift */,
				1A00001B294F1234567890AB /* ExportView.swift */,
				1A00001F294F1234567890AB /* AudioPlayerView.swift */,
				1A000022294F1234567890AB /* KeyAdjustmentView.swift */,
			);
			path = Views;
			sourceTree = "<group>";
		};
		1A000033294F1234567890AB /* include */ = {
			isa = PBXGroup;
			children = (
				1A00000F294F1234567890AB /* EssentiaIOSAnalyzer.h */,
				1A00000E294F1234567890AB /* EssentiaIOSAnalyzer.mm */,
				1A00000C294F1234567890AB /* EssentiaSwiftBridge.swift */,
			);
			path = include;
			sourceTree = "<group>";
		};
		1A000040294F1234567890AB /* Products */ = {
			isa = PBXGroup;
			children = (
				1A000001294F1234567890FF /* RealTimeMusicAnalyzer.app */,
			);
			name = Products;
			sourceTree = "<group>";
		};
/* End PBXGroup section */

/* Begin PBXNativeTarget section */
		1A000050294F1234567890AB /* RealTimeMusicAnalyzer */ = {
			isa = PBXNativeTarget;
			buildConfigurationList = 1A000060294F1234567890AB /* Build configuration list for PBXNativeTarget "RealTimeMusicAnalyzer" */;
			buildPhases = (
				1A000051294F1234567890AB /* Sources */,
				1A000020294F1234567890AB /* Frameworks */,
				1A000052294F1234567890AB /* Resources */,
			);
			buildRules = (
			);
			dependencies = (
			);
			name = RealTimeMusicAnalyzer;
			productName = RealTimeMusicAnalyzer;
			productReference = 1A000001294F1234567890FF /* RealTimeMusicAnalyzer.app */;
			productType = "com.apple.product-type.application";
		};
/* End PBXNativeTarget section */

/* Begin PBXProject section */
		1A000070294F1234567890AB /* Project object */ = {
			isa = PBXProject;
			attributes = {
				BuildIndependentTargetsInParallel = 1;
				LastSwiftUpdateCheck = 1500;
				LastUpgradeCheck = 1500;
				TargetAttributes = {
					1A000050294F1234567890AB = {
						CreatedOnToolsVersion = 15.0;
						LastSwiftMigration = 1500;
					};
				};
			};
			buildConfigurationList = 1A000071294F1234567890AB /* Build configuration list for PBXProject "RealTimeMusicAnalyzer" */;
			compatibilityVersion = "Xcode 14.0";
			developmentRegion = en;
			hasScannedForEncodings = 0;
			knownRegions = (
				en,
				Base,
			);
			mainGroup = 1A000030294F1234567890AB;
			productRefGroup = 1A000040294F1234567890AB /* Products */;
			projectDirPath = "";
			projectRoot = "";
			targets = (
				1A000050294F1234567890AB /* RealTimeMusicAnalyzer */,
			);
		};
/* End PBXProject section */

/* Begin PBXResourcesBuildPhase section */
		1A000052294F1234567890AB /* Resources */ = {
			isa = PBXResourcesBuildPhase;
			buildActionMask = 2147483647;
			files = (
			);
			runOnlyForDeploymentPostprocessing = 0;
		};
/* End PBXResourcesBuildPhase section */

/* Begin PBXSourcesBuildPhase section */
		1A000051294F1234567890AB /* Sources */ = {
			isa = PBXSourcesBuildPhase;
			buildActionMask = 2147483647;
			files = (
				1A000001294F1234567890AB /* MacMusicAnalyzer.swift in Sources */,
				1A000003294F1234567890AB /* RealTimeAudioCapture.swift in Sources */,
				1A000005294F1234567890AB /* RealTimeAnalysisEngine.swift in Sources */,
				1A000007294F1234567890AB /* AnalysisViews.swift in Sources */,
				1A000009294F1234567890AB /* SettingsView.swift in Sources */,
				1A00000B294F1234567890AB /* EssentiaSwiftBridge.swift in Sources */,
				1A00000D294F1234567890AB /* EssentiaIOSAnalyzer.mm in Sources */,
				1A000012294F1234567890AB /* AudioInputManager.swift in Sources */,
				1A000014294F1234567890AB /* InputSourceView.swift in Sources */,
				1A000016294F1234567890AB /* ExportManager.swift in Sources */,
				1A000018294F1234567890AB /* MIDIOutputManager.swift in Sources */,
				1A00001A294F1234567890AB /* ExportView.swift in Sources */,
				1A00001C294F1234567890AB /* AudioPlayerManager.swift in Sources */,
				1A00001E294F1234567890AB /* AudioPlayerView.swift in Sources */,
				1A000021294F1234567890AB /* KeyAdjustmentView.swift in Sources */,
			);
			runOnlyForDeploymentPostprocessing = 0;
		};
/* End PBXSourcesBuildPhase section */

/* Begin XCBuildConfiguration section */
		1A000080294F1234567890AB /* Debug */ = {
			isa = XCBuildConfiguration;
			buildSettings = {
				ALWAYS_SEARCH_USER_PATHS = NO;
				ASSETCATALOG_COMPILER_GENERATE_SWIFT_ASSET_SYMBOL_EXTENSIONS = YES;
				CLANG_ANALYZER_NONNULL = YES;
				CLANG_ANALYZER_NUMBER_OBJECT_CONVERSION = YES_AGGRESSIVE;
				CLANG_CXX_LANGUAGE_STANDARD = "gnu++20";
				CLANG_ENABLE_MODULES = YES;
				CLANG_ENABLE_OBJC_ARC = YES;
				CLANG_ENABLE_OBJC_WEAK = YES;
				CLANG_WARN_BLOCK_CAPTURE_AUTORELEASING = YES;
				CLANG_WARN_BOOL_CONVERSION = YES;
				CLANG_WARN_COMMA = YES;
				CLANG_WARN_CONSTANT_CONVERSION = YES;
				CLANG_WARN_DEPRECATED_OBJC_IMPLEMENTATIONS = YES;
				CLANG_WARN_DIRECT_OBJC_ISA_USAGE = YES_ERROR;
				CLANG_WARN_DOCUMENTATION_COMMENTS = YES;
				CLANG_WARN_EMPTY_BODY = YES;
				CLANG_WARN_ENUM_CONVERSION = YES;
				CLANG_WARN_INFINITE_RECURSION = YES;
				CLANG_WARN_INT_CONVERSION = YES;
				CLANG_WARN_NON_LITERAL_NULL_CONVERSION = YES;
				CLANG_WARN_OBJC_IMPLICIT_RETAIN_SELF = YES;
				CLANG_WARN_OBJC_LITERAL_CONVERSION = YES;
				CLANG_WARN_OBJC_ROOT_CLASS = YES_ERROR;
				CLANG_WARN_QUOTED_INCLUDE_IN_FRAMEWORK_HEADER = YES;
				CLANG_WARN_RANGE_LOOP_ANALYSIS = YES;
				CLANG_WARN_STRICT_PROTOTYPES = YES;
				CLANG_WARN_SUSPICIOUS_MOVE = YES;
				CLANG_WARN_UNGUARDED_AVAILABILITY = YES_AGGRESSIVE;
				CLANG_WARN_UNREACHABLE_CODE = YES;
				CLANG_WARN__DUPLICATE_METHOD_MATCH = YES;
				COPY_PHASE_STRIP = NO;
				DEBUG_INFORMATION_FORMAT = dwarf;
				ENABLE_STRICT_OBJC_MSGSEND = YES;
				ENABLE_TESTABILITY = YES;
				ENABLE_USER_SCRIPT_SANDBOXING = YES;
				GCC_C_LANGUAGE_STANDARD = gnu17;
				GCC_DYNAMIC_NO_PIC = NO;
				GCC_NO_COMMON_BLOCKS = YES;
				GCC_OPTIMIZATION_LEVEL = 0;
				GCC_PREPROCESSOR_DEFINITIONS = (
					"DEBUG=1",
					"$(inherited)",
				);
				GCC_WARN_64_TO_32_BIT_CONVERSION = YES;
				GCC_WARN_ABOUT_RETURN_TYPE = YES_ERROR;
				GCC_WARN_UNDECLARED_SELECTOR = YES;
				GCC_WARN_UNINITIALIZED_AUTOS = YES_AGGRESSIVE;
				GCC_WARN_UNUSED_FUNCTION = YES;
				GCC_WARN_UNUSED_VARIABLE = YES;
				LOCALIZATION_PREFERS_STRING_CATALOGS = YES;
				MACOSX_DEPLOYMENT_TARGET = 12.0;
				MTL_ENABLE_DEBUG_INFO = INCLUDE_SOURCE;
				MTL_FAST_MATH = YES;
				ONLY_ACTIVE_ARCH = YES;
				SDKROOT = macosx;
				SWIFT_ACTIVE_COMPILATION_CONDITIONS = "DEBUG $(inherited)";
				SWIFT_OPTIMIZATION_LEVEL = "-Onone";
			};
			name = Debug;
		};
		1A000081294F1234567890AB /* Release */ = {
			isa = XCBuildConfiguration;
			buildSettings = {
				ALWAYS_SEARCH_USER_PATHS = NO;
				ASSETCATALOG_COMPILER_GENERATE_SWIFT_ASSET_SYMBOL_EXTENSIONS = YES;
				CLANG_ANALYZER_NONNULL = YES;
				CLANG_ANALYZER_NUMBER_OBJECT_CONVERSION = YES_AGGRESSIVE;
				CLANG_CXX_LANGUAGE_STANDARD = "gnu++20";
				CLANG_ENABLE_MODULES = YES;
				CLANG_ENABLE_OBJC_ARC = YES;
				CLANG_ENABLE_OBJC_WEAK = YES;
				CLANG_WARN_BLOCK_CAPTURE_AUTORELEASING = YES;
				CLANG_WARN_BOOL_CONVERSION = YES;
				CLANG_WARN_COMMA = YES;
				CLANG_WARN_CONSTANT_CONVERSION = YES;
				CLANG_WARN_DEPRECATED_OBJC_IMPLEMENTATIONS = YES;
				CLANG_WARN_DIRECT_OBJC_ISA_USAGE = YES_ERROR;
				CLANG_WARN_DOCUMENTATION_COMMENTS = YES;
				CLANG_WARN_EMPTY_BODY = YES;
				CLANG_WARN_ENUM_CONVERSION = YES;
				CLANG_WARN_INFINITE_RECURSION = YES;
				CLANG_WARN_INT_CONVERSION = YES;
				CLANG_WARN_NON_LITERAL_NULL_CONVERSION = YES;
				CLANG_WARN_OBJC_IMPLICIT_RETAIN_SELF = YES;
				CLANG_WARN_OBJC_LITERAL_CONVERSION = YES;
				CLANG_WARN_OBJC_ROOT_CLASS = YES_ERROR;
				CLANG_WARN_QUOTED_INCLUDE_IN_FRAMEWORK_HEADER = YES;
				CLANG_WARN_RANGE_LOOP_ANALYSIS = YES;
				CLANG_WARN_STRICT_PROTOTYPES = YES;
				CLANG_WARN_SUSPICIOUS_MOVE = YES;
				CLANG_WARN_UNGUARDED_AVAILABILITY = YES_AGGRESSIVE;
				CLANG_WARN_UNREACHABLE_CODE = YES;
				CLANG_WARN__DUPLICATE_METHOD_MATCH = YES;
				COPY_PHASE_STRIP = NO;
				DEBUG_INFORMATION_FORMAT = "dwarf-with-dsym";
				ENABLE_NS_ASSERTIONS = NO;
				ENABLE_STRICT_OBJC_MSGSEND = YES;
				ENABLE_USER_SCRIPT_SANDBOXING = YES;
				GCC_C_LANGUAGE_STANDARD = gnu17;
				GCC_NO_COMMON_BLOCKS = YES;
				GCC_WARN_64_TO_32_BIT_CONVERSION = YES;
				GCC_WARN_ABOUT_RETURN_TYPE = YES_ERROR;
				GCC_WARN_UNDECLARED_SELECTOR = YES;
				GCC_WARN_UNINITIALIZED_AUTOS = YES_AGGRESSIVE;
				GCC_WARN_UNUSED_FUNCTION = YES;
				GCC_WARN_UNUSED_VARIABLE = YES;
				LOCALIZATION_PREFERS_STRING_CATALOGS = YES;
				MACOSX_DEPLOYMENT_TARGET = 12.0;
				MTL_ENABLE_DEBUG_INFO = NO;
				MTL_FAST_MATH = YES;
				SDKROOT = macosx;
				SWIFT_COMPILATION_MODE = wholemodule;
			};
			name = Release;
		};
		1A000082294F1234567890AB /* Debug */ = {
			isa = XCBuildConfiguration;
			buildSettings = {
				ASSETCATALOG_COMPILER_APPICON_NAME = AppIcon;
				ASSETCATALOG_COMPILER_GLOBAL_ACCENT_COLOR_NAME = AccentColor;
				CODE_SIGN_ENTITLEMENTS = RealTimeMusicAnalyzer/RealTimeMusicAnalyzer.entitlements;
				CODE_SIGN_STYLE = Automatic;
				COMBINE_HIDPI_IMAGES = YES;
				CURRENT_PROJECT_VERSION = 1;
				DEVELOPMENT_TEAM = "";
				ENABLE_HARDENED_RUNTIME = YES;
				ENABLE_PREVIEWS = YES;
				GENERATE_INFOPLIST_FILE = NO;
				INFOPLIST_FILE = RealTimeMusicAnalyzer/Info.plist;
				INFOPLIST_KEY_NSHumanReadableCopyright = "";
				LD_RUNPATH_SEARCH_PATHS = (
					"$(inherited)",
					"@executable_path/../Frameworks",
				);
				MARKETING_VERSION = 1.0;
				PRODUCT_BUNDLE_IDENTIFIER = com.essentia.RealTimeMusicAnalyzer;
				PRODUCT_NAME = "$(TARGET_NAME)";
				SWIFT_EMIT_LOC_STRINGS = YES;
				SWIFT_OBJC_BRIDGING_HEADER = "RealTimeMusicAnalyzer/RealTimeMusicAnalyzer-Bridging-Header.h";
				SWIFT_VERSION = 5.0;
			};
			name = Debug;
		};
		1A000083294F1234567890AB /* Release */ = {
			isa = XCBuildConfiguration;
			buildSettings = {
				ASSETCATALOG_COMPILER_APPICON_NAME = AppIcon;
				ASSETCATALOG_COMPILER_GLOBAL_ACCENT_COLOR_NAME = AccentColor;
				CODE_SIGN_ENTITLEMENTS = RealTimeMusicAnalyzer/RealTimeMusicAnalyzer.entitlements;
				CODE_SIGN_STYLE = Automatic;
				COMBINE_HIDPI_IMAGES = YES;
				CURRENT_PROJECT_VERSION = 1;
				DEVELOPMENT_TEAM = "";
				ENABLE_HARDENED_RUNTIME = YES;
				ENABLE_PREVIEWS = YES;
				GENERATE_INFOPLIST_FILE = NO;
				INFOPLIST_FILE = RealTimeMusicAnalyzer/Info.plist;
				INFOPLIST_KEY_NSHumanReadableCopyright = "";
				LD_RUNPATH_SEARCH_PATHS = (
					"$(inherited)",
					"@executable_path/../Frameworks",
				);
				MARKETING_VERSION = 1.0;
				PRODUCT_BUNDLE_IDENTIFIER = com.essentia.RealTimeMusicAnalyzer;
				PRODUCT_NAME = "$(TARGET_NAME)";
				SWIFT_EMIT_LOC_STRINGS = YES;
				SWIFT_OBJC_BRIDGING_HEADER = "RealTimeMusicAnalyzer/RealTimeMusicAnalyzer-Bridging-Header.h";
				SWIFT_VERSION = 5.0;
			};
			name = Release;
		};
/* End XCBuildConfiguration section */

/* Begin XCConfigurationList section */
		1A000060294F1234567890AB /* Build configuration list for PBXNativeTarget "RealTimeMusicAnalyzer" */ = {
			isa = XCConfigurationList;
			buildConfigurations = (
				1A000082294F1234567890AB /* Debug */,
				1A000083294F1234567890AB /* Release */,
			);
			defaultConfigurationIsVisible = 0;
			defaultConfigurationName = Release;
		};
		1A000071294F1234567890AB /* Build configuration list for PBXProject "RealTimeMusicAnalyzer" */ = {
			isa = XCConfigurationList;
			buildConfigurations = (
				1A000080294F1234567890AB /* Debug */,
				1A000081294F1234567890AB /* Release */,
			);
			defaultConfigurationIsVisible = 0;
			defaultConfigurationName = Release;
		};
/* End XCConfigurationList section */
	};
	rootObject = 1A000070294F1234567890AB /* Project object */;
}